// !$*UTF8*$!
{
	archiveVersion = 1;
	classes = {
	};
	objectVersion = 50;
	objects = {

/* Begin PBXBuildFile section */
		8EBB9FC620F1F4C600B670BE /* AppDelegate.swift in Sources */ = {isa = PBXBuildFile; fileRef = 8EBB9FC520F1F4C600B670BE /* AppDelegate.swift */; };
		8EBB9FC820F1F4C700B670BE /* Assets.xcassets in Resources */ = {isa = PBXBuildFile; fileRef = 8EBB9FC720F1F4C700B670BE /* Assets.xcassets */; };
		8EBB9FCB20F1F4C700B670BE /* MainMenu.xib in Resources */ = {isa = PBXBuildFile; fileRef = 8EBB9FC920F1F4C700B670BE /* MainMenu.xib */; };
		8ECA666A20F1FBCE00389B35 /* Tracker.swift in Sources */ = {isa = PBXBuildFile; fileRef = 8ECA666920F1FBCE00389B35 /* Tracker.swift */; };
		8ECA666C20F1FDF200389B35 /* StatusMenuController.swift in Sources */ = {isa = PBXBuildFile; fileRef = 8ECA666B20F1FDF200389B35 /* StatusMenuController.swift */; };
		8ECA666F20F2059800389B35 /* RecorderView.swift in Sources */ = {isa = PBXBuildFile; fileRef = 8ECA666E20F2059800389B35 /* RecorderView.swift */; };
		8ECA668320F23EC400389B35 /* TrackerController.swift in Sources */ = {isa = PBXBuildFile; fileRef = 8ECA668220F23EC400389B35 /* TrackerController.swift */; };
		8ECA668520F241F100389B35 /* SettingsController.swift in Sources */ = {isa = PBXBuildFile; fileRef = 8ECA668420F241F100389B35 /* SettingsController.swift */; };
/* End PBXBuildFile section */

/* Begin PBXFileReference section */
		8EBB9FC220F1F4C600B670BE /* recordTime.app */ = {isa = PBXFileReference; explicitFileType = wrapper.application; includeInIndex = 0; path = recordTime.app; sourceTree = BUILT_PRODUCTS_DIR; };
		8EBB9FC520F1F4C600B670BE /* AppDelegate.swift */ = {isa = PBXFileReference; lastKnownFileType = sourcecode.swift; path = AppDelegate.swift; sourceTree = "<group>"; };
		8EBB9FC720F1F4C700B670BE /* Assets.xcassets */ = {isa = PBXFileReference; lastKnownFileType = folder.assetcatalog; path = Assets.xcassets; sourceTree = "<group>"; };
		8EBB9FCA20F1F4C700B670BE /* Base */ = {isa = PBXFileReference; lastKnownFileType = file.xib; name = Base; path = Base.lproj/MainMenu.xib; sourceTree = "<group>"; };
		8EBB9FCC20F1F4C700B670BE /* Info.plist */ = {isa = PBXFileReference; lastKnownFileType = text.plist.xml; path = Info.plist; sourceTree = "<group>"; };
		8EBB9FCD20F1F4C700B670BE /* recordTime.entitlements */ = {isa = PBXFileReference; lastKnownFileType = text.plist.entitlements; path = recordTime.entitlements; sourceTree = "<group>"; };
		8ECA666920F1FBCE00389B35 /* Tracker.swift */ = {isa = PBXFileReference; lastKnownFileType = sourcecode.swift; path = Tracker.swift; sourceTree = "<group>"; };
		8ECA666B20F1FDF200389B35 /* StatusMenuController.swift */ = {isa = PBXFileReference; lastKnownFileType = sourcecode.swift; path = StatusMenuController.swift; sourceTree = "<group>"; };
		8ECA666E20F2059800389B35 /* RecorderView.swift */ = {isa = PBXFileReference; lastKnownFileType = sourcecode.swift; path = RecorderView.swift; sourceTree = "<group>"; };
		8ECA668220F23EC400389B35 /* TrackerController.swift */ = {isa = PBXFileReference; lastKnownFileType = sourcecode.swift; path = TrackerController.swift; sourceTree = "<group>"; };
		8ECA668420F241F100389B35 /* SettingsController.swift */ = {isa = PBXFileReference; lastKnownFileType = sourcecode.swift; path = SettingsController.swift; sourceTree = "<group>"; };
/* End PBXFileReference section */

/* Begin PBXFrameworksBuildPhase section */
		8EBB9FBF20F1F4C600B670BE /* Frameworks */ = {
			isa = PBXFrameworksBuildPhase;
			buildActionMask = 2147483647;
			files = (
			);
			runOnlyForDeploymentPostprocessing = 0;
		};
/* End PBXFrameworksBuildPhase section */

/* Begin PBXGroup section */
		8EBB9FB920F1F4C600B670BE = {
			isa = PBXGroup;
			children = (
				8EBB9FC420F1F4C600B670BE /* recordTime */,
				8EBB9FC320F1F4C600B670BE /* Products */,
			);
			sourceTree = "<group>";
		};
		8EBB9FC320F1F4C600B670BE /* Products */ = {
			isa = PBXGroup;
			children = (
				8EBB9FC220F1F4C600B670BE /* recordTime.app */,
			);
			name = Products;
			sourceTree = "<group>";
		};
		8EBB9FC420F1F4C600B670BE /* recordTime */ = {
			isa = PBXGroup;
			children = (
				8ECA666D20F2054600389B35 /* View */,
				8EBB9FD420F1F4DB00B670BE /* Model */,
				8EBB9FD320F1F4D200B670BE /* ViewController */,
				8EBB9FC520F1F4C600B670BE /* AppDelegate.swift */,
				8EBB9FC720F1F4C700B670BE /* Assets.xcassets */,
				8EBB9FC920F1F4C700B670BE /* MainMenu.xib */,
				8EBB9FCC20F1F4C700B670BE /* Info.plist */,
				8EBB9FCD20F1F4C700B670BE /* recordTime.entitlements */,
			);
			path = recordTime;
			sourceTree = "<group>";
		};
		8EBB9FD320F1F4D200B670BE /* ViewController */ = {
			isa = PBXGroup;
			children = (
				8ECA666B20F1FDF200389B35 /* StatusMenuController.swift */,
			);
			path = ViewController;
			sourceTree = "<group>";
		};
		8EBB9FD420F1F4DB00B670BE /* Model */ = {
			isa = PBXGroup;
			children = (
				8ECA666920F1FBCE00389B35 /* Tracker.swift */,
				8ECA668220F23EC400389B35 /* TrackerController.swift */,
				8ECA668420F241F100389B35 /* SettingsController.swift */,
			);
			path = Model;
			sourceTree = "<group>";
		};
		8ECA666D20F2054600389B35 /* View */ = {
			isa = PBXGroup;
			children = (
				8ECA666E20F2059800389B35 /* RecorderView.swift */,
			);
			path = View;
			sourceTree = "<group>";
		};
/* End PBXGroup section */

/* Begin PBXNativeTarget section */
		8EBB9FC120F1F4C600B670BE /* recordTime */ = {
			isa = PBXNativeTarget;
			buildConfigurationList = 8EBB9FD020F1F4C700B670BE /* Build configuration list for PBXNativeTarget "recordTime" */;
			buildPhases = (
				8EBB9FBE20F1F4C600B670BE /* Sources */,
				8EBB9FBF20F1F4C600B670BE /* Frameworks */,
				8EBB9FC020F1F4C600B670BE /* Resources */,
			);
			buildRules = (
			);
			dependencies = (
			);
			name = recordTime;
			productName = recordTime;
			productReference = 8EBB9FC220F1F4C600B670BE /* recordTime.app */;
			productType = "com.apple.product-type.application";
		};
/* End PBXNativeTarget section */

/* Begin PBXProject section */
		8EBB9FBA20F1F4C600B670BE /* Project object */ = {
			isa = PBXProject;
			attributes = {
				LastSwiftUpdateCheck = 0940;
				LastUpgradeCheck = 0940;
				ORGANIZATIONNAME = ltaoo;
				TargetAttributes = {
					8EBB9FC120F1F4C600B670BE = {
						CreatedOnToolsVersion = 9.4.1;
					};
				};
			};
			buildConfigurationList = 8EBB9FBD20F1F4C600B670BE /* Build configuration list for PBXProject "recordTime" */;
			compatibilityVersion = "Xcode 9.3";
			developmentRegion = en;
			hasScannedForEncodings = 0;
			knownRegions = (
				en,
				Base,
			);
			mainGroup = 8EBB9FB920F1F4C600B670BE;
			productRefGroup = 8EBB9FC320F1F4C600B670BE /* Products */;
			projectDirPath = "";
			projectRoot = "";
			targets = (
				8EBB9FC120F1F4C600B670BE /* recordTime */,
			);
		};
/* End PBXProject section */

/* Begin PBXResourcesBuildPhase section */
		8EBB9FC020F1F4C600B670BE /* Resources */ = {
			isa = PBXResourcesBuildPhase;
			buildActionMask = 2147483647;
			files = (
				8EBB9FC820F1F4C700B670BE /* Assets.xcassets in Resources */,
				8EBB9FCB20F1F4C700B670BE /* MainMenu.xib in Resources */,
			);
			runOnlyForDeploymentPostprocessing = 0;
		};
/* End PBXResourcesBuildPhase section */

/* Begin PBXSourcesBuildPhase section */
		8EBB9FBE20F1F4C600B670BE /* Sources */ = {
			isa = PBXSourcesBuildPhase;
			buildActionMask = 2147483647;
			files = (
				8ECA668520F241F100389B35 /* SettingsController.swift in Sources */,
				8ECA666C20F1FDF200389B35 /* StatusMenuController.swift in Sources */,
				8ECA666A20F1FBCE00389B35 /* Tracker.swift in Sources */,
				8ECA666F20F2059800389B35 /* RecorderView.swift in Sources */,
				8ECA668320F23EC400389B35 /* TrackerController.swift in Sources */,
				8EBB9FC620F1F4C600B670BE /* AppDelegate.swift in Sources */,
			);
			runOnlyForDeploymentPostprocessing = 0;
		};
/* End PBXSourcesBuildPhase section */

/* Begin PBXVariantGroup section */
		8EBB9FC920F1F4C700B670BE /* MainMenu.xib */ = {
			isa = PBXVariantGroup;
			children = (
				8EBB9FCA20F1F4C700B670BE /* Base */,
			);
			name = MainMenu.xib;
			sourceTree = "<group>";
		};
/* End PBXVariantGroup section */

/* Begin XCBuildConfiguration section */
		8EBB9FCE20F1F4C700B670BE /* Debug */ = {
			isa = XCBuildConfiguration;
			buildSettings = {
				ALWAYS_SEARCH_USER_PATHS = NO;
				CLANG_ANALYZER_NONNULL = YES;
				CLANG_ANALYZER_NUMBER_OBJECT_CONVERSION = YES_AGGRESSIVE;
				CLANG_CXX_LANGUAGE_STANDARD = "gnu++14";
				CLANG_CXX_LIBRARY = "libc++";
				CLANG_ENABLE_MODULES = YES;
				CLANG_ENABLE_OBJC_ARC = YES;
				CLANG_ENABLE_OBJC_WEAK = YES;
				CLANG_WARN_BLOCK_CAPTURE_AUTORELEASING = YES;
				CLANG_WARN_BOOL_CONVERSION = YES;
				CLANG_WARN_COMMA = YES;
				CLANG_WARN_CONSTANT_CONVERSION = YES;
				CLANG_WARN_DEPRECATED_OBJC_IMPLEMENTATIONS = YES;
				CLANG_WARN_DIRECT_OBJC_ISA_USAGE = YES_ERROR;
				CLANG_WARN_DOCUMENTATION_COMMENTS = YES;
				CLANG_WARN_EMPTY_BODY = YES;
				CLANG_WARN_ENUM_CONVERSION = YES;
				CLANG_WARN_INFINITE_RECURSION = YES;
				CLANG_WARN_INT_CONVERSION = YES;
				CLANG_WARN_NON_LITERAL_NULL_CONVERSION = YES;
				CLANG_WARN_OBJC_IMPLICIT_RETAIN_SELF = YES;
				CLANG_WARN_OBJC_LITERAL_CONVERSION = YES;
				CLANG_WARN_OBJC_ROOT_CLASS = YES_ERROR;
				CLANG_WARN_RANGE_LOOP_ANALYSIS = YES;
				CLANG_WARN_STRICT_PROTOTYPES = YES;
				CLANG_WARN_SUSPICIOUS_MOVE = YES;
				CLANG_WARN_UNGUARDED_AVAILABILITY = YES_AGGRESSIVE;
				CLANG_WARN_UNREACHABLE_CODE = YES;
				CLANG_WARN__DUPLICATE_METHOD_MATCH = YES;
				CODE_SIGN_IDENTITY = "-";
				COPY_PHASE_STRIP = NO;
				DEBUG_INFORMATION_FORMAT = dwarf;
				ENABLE_STRICT_OBJC_MSGSEND = YES;
				ENABLE_TESTABILITY = YES;
				GCC_C_LANGUAGE_STANDARD = gnu11;
				GCC_DYNAMIC_NO_PIC = NO;
				GCC_NO_COMMON_BLOCKS = YES;
				GCC_OPTIMIZATION_LEVEL = 0;
				GCC_PREPROCESSOR_DEFINITIONS = (
					"DEBUG=1",
					"$(inherited)",
				);
				GCC_WARN_64_TO_32_BIT_CONVERSION = YES;
				GCC_WARN_ABOUT_RETURN_TYPE = YES_ERROR;
				GCC_WARN_UNDECLARED_SELECTOR = YES;
				GCC_WARN_UNINITIALIZED_AUTOS = YES_AGGRESSIVE;
				GCC_WARN_UNUSED_FUNCTION = YES;
				GCC_WARN_UNUSED_VARIABLE = YES;
				MACOSX_DEPLOYMENT_TARGET = 10.13;
				MTL_ENABLE_DEBUG_INFO = YES;
				ONLY_ACTIVE_ARCH = YES;
				SDKROOT = macosx;
				SWIFT_ACTIVE_COMPILATION_CONDITIONS = DEBUG;
				SWIFT_OPTIMIZATION_LEVEL = "-Onone";
			};
			name = Debug;
		};
		8EBB9FCF20F1F4C700B670BE /* Release */ = {
			isa = XCBuildConfiguration;
			buildSettings = {
				ALWAYS_SEARCH_USER_PATHS = NO;
				CLANG_ANALYZER_NONNULL = YES;
				CLANG_ANALYZER_NUMBER_OBJECT_CONVERSION = YES_AGGRESSIVE;
				CLANG_CXX_LANGUAGE_STANDARD = "gnu++14";
				CLANG_CXX_LIBRARY = "libc++";
				CLANG_ENABLE_MODULES = YES;
				CLANG_ENABLE_OBJC_ARC = YES;
				CLANG_ENABLE_OBJC_WEAK = YES;
				CLANG_WARN_BLOCK_CAPTURE_AUTORELEASING = YES;
				CLANG_WARN_BOOL_CONVERSION = YES;
				CLANG_WARN_COMMA = YES;
				CLANG_WARN_CONSTANT_CONVERSION = YES;
				CLANG_WARN_DEPRECATED_OBJC_IMPLEMENTATIONS = YES;
				CLANG_WARN_DIRECT_OBJC_ISA_USAGE = YES_ERROR;
				CLANG_WARN_DOCUMENTATION_COMMENTS = YES;
				CLANG_WARN_EMPTY_BODY = YES;
				CLANG_WARN_ENUM_CONVERSION = YES;
				CLANG_WARN_INFINITE_RECURSION = YES;
				CLANG_WARN_INT_CONVERSION = YES;
				CLANG_WARN_NON_LITERAL_NULL_CONVERSION = YES;
				CLANG_WARN_OBJC_IMPLICIT_RETAIN_SELF = YES;
				CLANG_WARN_OBJC_LITERAL_CONVERSION = YES;
				CLANG_WARN_OBJC_ROOT_CLASS = YES_ERROR;
				CLANG_WARN_RANGE_LOOP_ANALYSIS = YES;
				CLANG_WARN_STRICT_PROTOTYPES = YES;
				CLANG_WARN_SUSPICIOUS_MOVE = YES;
				CLANG_WARN_UNGUARDED_AVAILABILITY = YES_AGGRESSIVE;
				CLANG_WARN_UNREACHABLE_CODE = YES;
				CLANG_WARN__DUPLICATE_METHOD_MATCH = YES;
				CODE_SIGN_IDENTITY = "-";
				COPY_PHASE_STRIP = NO;
				DEBUG_INFORMATION_FORMAT = "dwarf-with-dsym";
				ENABLE_NS_ASSERTIONS = NO;
				ENABLE_STRICT_OBJC_MSGSEND = YES;
				GCC_C_LANGUAGE_STANDARD = gnu11;
				GCC_NO_COMMON_BLOCKS = YES;
				GCC_WARN_64_TO_32_BIT_CONVERSION = YES;
				GCC_WARN_ABOUT_RETURN_TYPE = YES_ERROR;
				GCC_WARN_UNDECLARED_SELECTOR = YES;
				GCC_WARN_UNINITIALIZED_AUTOS = YES_AGGRESSIVE;
				GCC_WARN_UNUSED_FUNCTION = YES;
				GCC_WARN_UNUSED_VARIABLE = YES;
				MACOSX_DEPLOYMENT_TARGET = 10.13;
				MTL_ENABLE_DEBUG_INFO = NO;
				SDKROOT = macosx;
				SWIFT_COMPILATION_MODE = wholemodule;
				SWIFT_OPTIMIZATION_LEVEL = "-O";
			};
			name = Release;
		};
		8EBB9FD120F1F4C700B670BE /* Debug */ = {
			isa = XCBuildConfiguration;
			buildSettings = {
				ASSETCATALOG_COMPILER_APPICON_NAME = AppIcon;
				CODE_SIGN_ENTITLEMENTS = recordTime/recordTime.entitlements;
				CODE_SIGN_STYLE = Automatic;
				COMBINE_HIDPI_IMAGES = YES;
				INFOPLIST_FILE = recordTime/Info.plist;
				LD_RUNPATH_SEARCH_PATHS = (
					"$(inherited)",
					"@executable_path/../Frameworks",
				);
				PRODUCT_BUNDLE_IDENTIFIER = com.ltaoo.recordTime;
				PRODUCT_NAME = "$(TARGET_NAME)";
				SWIFT_VERSION = 4.0;
			};
			name = Debug;
		};
		8EBB9FD220F1F4C700B670BE /* Release */ = {
			isa = XCBuildConfiguration;
			buildSettings = {
				ASSETCATALOG_COMPILER_APPICON_NAME = AppIcon;
				CODE_SIGN_ENTITLEMENTS = recordTime/recordTime.entitlements;
				CODE_SIGN_STYLE = Automatic;
				COMBINE_HIDPI_IMAGES = YES;
				INFOPLIST_FILE = recordTime/Info.plist;
				LD_RUNPATH_SEARCH_PATHS = (
					"$(inherited)",
					"@executable_path/../Frameworks",
				);
				PRODUCT_BUNDLE_IDENTIFIER = com.ltaoo.recordTime;
				PRODUCT_NAME = "$(TARGET_NAME)";
				SWIFT_VERSION = 4.0;
			};
			name = Release;
		};
/* End XCBuildConfiguration section */

/* Begin XCConfigurationList section */
		8EBB9FBD20F1F4C600B670BE /* Build configuration list for PBXProject "recordTime" */ = {
			isa = XCConfigurationList;
			buildConfigurations = (
				8EBB9FCE20F1F4C700B670BE /* Debug */,
				8EBB9FCF20F1F4C700B670BE /* Release */,
			);
			defaultConfigurationIsVisible = 0;
			defaultConfigurationName = Release;
		};
		8EBB9FD020F1F4C700B670BE /* Build configuration list for PBXNativeTarget "recordTime" */ = {
			isa = XCConfigurationList;
			buildConfigurations = (
				8EBB9FD120F1F4C700B670BE /* Debug */,
				8EBB9FD220F1F4C700B670BE /* Release */,
			);
			defaultConfigurationIsVisible = 0;
			defaultConfigurationName = Release;
		};
/* End XCConfigurationList section */
	};
	rootObject = 8EBB9FBA20F1F4C600B670BE /* Project object */;
}
